
Microsoft Visual Studio Solution File, Format Version 12.00
# Visual Studio Version 17
VisualStudioVersion = 17.13.35913.81 d17.13
MinimumVisualStudioVersion = 10.0.40219.1
Project("{FAE04EC0-301F-11D3-BF4B-00C04F79EFBC}") = "CarballReplayOrganizer", "CarballReplayOrganizer\CarballReplayOrganizer.csproj", "{88A434A8-DB2F-46A7-8458-F396AC1BE04C}"
EndProject
Project("{FAE04EC0-301F-11D3-BF4B-00C04F79EFBC}") = "NetReplayParser", "NetReplayParser\NetReplayParser.csproj", "{6371824D-547C-BA09-FFDC-D739B9484B46}"
EndProject
Global
	GlobalSection(SolutionConfigurationPlatforms) = preSolution
		Debug|Any CPU = Debug|Any CPU
		Release|Any CPU = Release|Any CPU
	EndGlobalSection
	GlobalSection(ProjectConfigurationPlatforms) = postSolution
		{88A434A8-DB2F-46A7-8458-F396AC1BE04C}.Debug|Any CPU.ActiveCfg = Debug|Any CPU
		{88A434A8-DB2F-46A7-8458-F396AC1BE04C}.Debug|Any CPU.Build.0 = Debug|Any CPU
		{88A434A8-DB2F-46A7-8458-F396AC1BE04C}.Release|Any CPU.ActiveCfg = Release|Any CPU
		{88A434A8-DB2F-46A7-8458-F396AC1BE04C}.Release|Any CPU.Build.0 = Release|Any CPU
		{6371824D-547C-BA09-FFDC-D739B9484B46}.Debug|Any CPU.ActiveCfg = Debug|Any CPU
		{6371824D-547C-BA09-FFDC-D739B9484B46}.Debug|Any CPU.Build.0 = Debug|Any CPU
		{6371824D-547C-BA09-FFDC-D739B9484B46}.Release|Any CPU.ActiveCfg = Release|Any CPU
		{6371824D-547C-BA09-FFDC-D739B9484B46}.Release|Any CPU.Build.0 = Release|Any CPU
	EndGlobalSection
	GlobalSection(SolutionProperties) = preSolution
		HideSolutionNode = FALSE
	EndGlobalSection
	GlobalSection(ExtensibilityGlobals) = postSolution
		SolutionGuid = {D4623D15-74B3-4E5E-AA51-EBA3483D6C5A}
	EndGlobalSection
EndGlobal
